// !$*UTF8*$!
{
	archiveVersion = 1;
	classes = {
	};
	objectVersion = 56;
	objects = {

/* Begin PBXBuildFile section */
		0896A9652985BF56001A036A /* createGrammar.swift in Sources */ = {isa = PBXBuildFile; fileRef = 0896A9642985BF56001A036A /* createGrammar.swift */; };
		0896A96B2985CC1B001A036A /* parse.swift in Sources */ = {isa = PBXBuildFile; fileRef = 0896A96A2985CC1B001A036A /* parse.swift */; };
		0896A96D2985CC5D001A036A /* Node.swift in Sources */ = {isa = PBXBuildFile; fileRef = 0896A96C2985CC5D001A036A /* Node.swift */; };
		08C836DE2985AA01003EC24F /* main.swift in Sources */ = {isa = PBXBuildFile; fileRef = 08C836DD2985AA01003EC24F /* main.swift */; };
		08C836EC2985AF55003EC24F /* Token.swift in Sources */ = {isa = PBXBuildFile; fileRef = 08C836EB2985AF55003EC24F /* Token.swift */; };
		08C836EE2985AF80003EC24F /* Context Free Grammar.swift in Sources */ = {isa = PBXBuildFile; fileRef = 08C836ED2985AF80003EC24F /* Context Free Grammar.swift */; };
/* End PBXBuildFile section */

/* Begin PBXCopyFilesBuildPhase section */
		08C836D82985AA01003EC24F /* CopyFiles */ = {
			isa = PBXCopyFilesBuildPhase;
			buildActionMask = 2147483647;
			dstPath = /usr/share/man/man1/;
			dstSubfolderSpec = 0;
			files = (
			);
			runOnlyForDeploymentPostprocessing = 1;
		};
/* End PBXCopyFilesBuildPhase section */

/* Begin PBXFileReference section */
		0896A9642985BF56001A036A /* createGrammar.swift */ = {isa = PBXFileReference; lastKnownFileType = sourcecode.swift; path = createGrammar.swift; sourceTree = "<group>"; };
		0896A96A2985CC1B001A036A /* parse.swift */ = {isa = PBXFileReference; lastKnownFileType = sourcecode.swift; path = parse.swift; sourceTree = "<group>"; };
		0896A96C2985CC5D001A036A /* Node.swift */ = {isa = PBXFileReference; lastKnownFileType = sourcecode.swift; path = Node.swift; sourceTree = "<group>"; };
		08C836DA2985AA01003EC24F /* New Programming Lanugage */ = {isa = PBXFileReference; explicitFileType = "compiled.mach-o.executable"; includeInIndex = 0; path = "New Programming Lanugage"; sourceTree = BUILT_PRODUCTS_DIR; };
		08C836DD2985AA01003EC24F /* main.swift */ = {isa = PBXFileReference; lastKnownFileType = sourcecode.swift; path = main.swift; sourceTree = "<group>"; };
		08C836EB2985AF55003EC24F /* Token.swift */ = {isa = PBXFileReference; lastKnownFileType = sourcecode.swift; path = Token.swift; sourceTree = "<group>"; };
		08C836ED2985AF80003EC24F /* Context Free Grammar.swift */ = {isa = PBXFileReference; lastKnownFileType = sourcecode.swift; path = "Context Free Grammar.swift"; sourceTree = "<group>"; };
/* End PBXFileReference section */

/* Begin PBXFrameworksBuildPhase section */
		08C836D72985AA01003EC24F /* Frameworks */ = {
			isa = PBXFrameworksBuildPhase;
			buildActionMask = 2147483647;
			files = (
			);
			runOnlyForDeploymentPostprocessing = 0;
		};
/* End PBXFrameworksBuildPhase section */

/* Begin PBXGroup section */
		08C836D12985AA01003EC24F = {
			isa = PBXGroup;
			children = (
				08C836DC2985AA01003EC24F /* New Programming Lanugage */,
				08C836DB2985AA01003EC24F /* Products */,
			);
			sourceTree = "<group>";
		};
		08C836DB2985AA01003EC24F /* Products */ = {
			isa = PBXGroup;
			children = (
				08C836DA2985AA01003EC24F /* New Programming Lanugage */,
			);
			name = Products;
			sourceTree = "<group>";
		};
		08C836DC2985AA01003EC24F /* New Programming Lanugage */ = {
			isa = PBXGroup;
			children = (
				08C836DD2985AA01003EC24F /* main.swift */,
				0896A9642985BF56001A036A /* createGrammar.swift */,
				0896A96A2985CC1B001A036A /* parse.swift */,
				08C836ED2985AF80003EC24F /* Context Free Grammar.swift */,
				0896A96C2985CC5D001A036A /* Node.swift */,
				08C836EB2985AF55003EC24F /* Token.swift */,
			);
			path = "New Programming Lanugage";
			sourceTree = "<group>";
		};
/* End PBXGroup section */

/* Begin PBXNativeTarget section */
		08C836D92985AA01003EC24F /* New Programming Lanugage */ = {
			isa = PBXNativeTarget;
			buildConfigurationList = 08C836E12985AA01003EC24F /* Build configuration list for PBXNativeTarget "New Programming Lanugage" */;
			buildPhases = (
				08C836D62985AA01003EC24F /* Sources */,
				08C836D72985AA01003EC24F /* Frameworks */,
				08C836D82985AA01003EC24F /* CopyFiles */,
			);
			buildRules = (
			);
			dependencies = (
			);
			name = "New Programming Lanugage";
			productName = "New Programming Lanugage";
			productReference = 08C836DA2985AA01003EC24F /* New Programming Lanugage */;
			productType = "com.apple.product-type.tool";
		};
/* End PBXNativeTarget section */

/* Begin PBXProject section */
		08C836D22985AA01003EC24F /* Project object */ = {
			isa = PBXProject;
			attributes = {
				BuildIndependentTargetsInParallel = 1;
				LastSwiftUpdateCheck = 1420;
				LastUpgradeCheck = 1420;
				TargetAttributes = {
					08C836D92985AA01003EC24F = {
						CreatedOnToolsVersion = 14.2;
					};
				};
			};
			buildConfigurationList = 08C836D52985AA01003EC24F /* Build configuration list for PBXProject "New Programming Lanugage" */;
			compatibilityVersion = "Xcode 14.0";
			developmentRegion = en;
			hasScannedForEncodings = 0;
			knownRegions = (
				en,
				Base,
			);
			mainGroup = 08C836D12985AA01003EC24F;
			productRefGroup = 08C836DB2985AA01003EC24F /* Products */;
			projectDirPath = "";
			projectRoot = "";
			targets = (
				08C836D92985AA01003EC24F /* New Programming Lanugage */,
			);
		};
/* End PBXProject section */

/* Begin PBXSourcesBuildPhase section */
		08C836D62985AA01003EC24F /* Sources */ = {
			isa = PBXSourcesBuildPhase;
			buildActionMask = 2147483647;
			files = (
				08C836EC2985AF55003EC24F /* Token.swift in Sources */,
				08C836DE2985AA01003EC24F /* main.swift in Sources */,
				0896A9652985BF56001A036A /* createGrammar.swift in Sources */,
				08C836EE2985AF80003EC24F /* Context Free Grammar.swift in Sources */,
				0896A96B2985CC1B001A036A /* parse.swift in Sources */,
				0896A96D2985CC5D001A036A /* Node.swift in Sources */,
			);
			runOnlyForDeploymentPostprocessing = 0;
		};
/* End PBXSourcesBuildPhase section */

/* Begin XCBuildConfiguration section */
		08C836DF2985AA01003EC24F /* Debug */ = {
			isa = XCBuildConfiguration;
			buildSettings = {
				ALWAYS_SEARCH_USER_PATHS = NO;
				CLANG_ANALYZER_NONNULL = YES;
				CLANG_ANALYZER_NUMBER_OBJECT_CONVERSION = YES_AGGRESSIVE;
				CLANG_CXX_LANGUAGE_STANDARD = "gnu++20";
				CLANG_ENABLE_MODULES = YES;
				CLANG_ENABLE_OBJC_ARC = YES;
				CLANG_ENABLE_OBJC_WEAK = YES;
				CLANG_WARN_BLOCK_CAPTURE_AUTORELEASING = YES;
				CLANG_WARN_BOOL_CONVERSION = YES;
				CLANG_WARN_COMMA = YES;
				CLANG_WARN_CONSTANT_CONVERSION = YES;
				CLANG_WARN_DEPRECATED_OBJC_IMPLEMENTATIONS = YES;
				CLANG_WARN_DIRECT_OBJC_ISA_USAGE = YES_ERROR;
				CLANG_WARN_DOCUMENTATION_COMMENTS = YES;
				CLANG_WARN_EMPTY_BODY = YES;
				CLANG_WARN_ENUM_CONVERSION = YES;
				CLANG_WARN_INFINITE_RECURSION = YES;
				CLANG_WARN_INT_CONVERSION = YES;
				CLANG_WARN_NON_LITERAL_NULL_CONVERSION = YES;
				CLANG_WARN_OBJC_IMPLICIT_RETAIN_SELF = YES;
				CLANG_WARN_OBJC_LITERAL_CONVERSION = YES;
				CLANG_WARN_OBJC_ROOT_CLASS = YES_ERROR;
				CLANG_WARN_QUOTED_INCLUDE_IN_FRAMEWORK_HEADER = YES;
				CLANG_WARN_RANGE_LOOP_ANALYSIS = YES;
				CLANG_WARN_STRICT_PROTOTYPES = YES;
				CLANG_WARN_SUSPICIOUS_MOVE = YES;
				CLANG_WARN_UNGUARDED_AVAILABILITY = YES_AGGRESSIVE;
				CLANG_WARN_UNREACHABLE_CODE = YES;
				CLANG_WARN__DUPLICATE_METHOD_MATCH = YES;
				COPY_PHASE_STRIP = NO;
				DEBUG_INFORMATION_FORMAT = dwarf;
				ENABLE_STRICT_OBJC_MSGSEND = YES;
				ENABLE_TESTABILITY = YES;
				GCC_C_LANGUAGE_STANDARD = gnu11;
				GCC_DYNAMIC_NO_PIC = NO;
				GCC_NO_COMMON_BLOCKS = YES;
				GCC_OPTIMIZATION_LEVEL = 0;
				GCC_PREPROCESSOR_DEFINITIONS = (
					"DEBUG=1",
					"$(inherited)",
				);
				GCC_WARN_64_TO_32_BIT_CONVERSION = YES;
				GCC_WARN_ABOUT_RETURN_TYPE = YES_ERROR;
				GCC_WARN_UNDECLARED_SELECTOR = YES;
				GCC_WARN_UNINITIALIZED_AUTOS = YES_AGGRESSIVE;
				GCC_WARN_UNUSED_FUNCTION = YES;
				GCC_WARN_UNUSED_VARIABLE = YES;
				MACOSX_DEPLOYMENT_TARGET = 13.1;
				MTL_ENABLE_DEBUG_INFO = INCLUDE_SOURCE;
				MTL_FAST_MATH = YES;
				ONLY_ACTIVE_ARCH = YES;
				SDKROOT = macosx;
				SWIFT_ACTIVE_COMPILATION_CONDITIONS = DEBUG;
				SWIFT_OPTIMIZATION_LEVEL = "-Onone";
			};
			name = Debug;
		};
		08C836E02985AA01003EC24F /* Release */ = {
			isa = XCBuildConfiguration;
			buildSettings = {
				ALWAYS_SEARCH_USER_PATHS = NO;
				CLANG_ANALYZER_NONNULL = YES;
				CLANG_ANALYZER_NUMBER_OBJECT_CONVERSION = YES_AGGRESSIVE;
				CLANG_CXX_LANGUAGE_STANDARD = "gnu++20";
				CLANG_ENABLE_MODULES = YES;
				CLANG_ENABLE_OBJC_ARC = YES;
				CLANG_ENABLE_OBJC_WEAK = YES;
				CLANG_WARN_BLOCK_CAPTURE_AUTORELEASING = YES;
				CLANG_WARN_BOOL_CONVERSION = YES;
				CLANG_WARN_COMMA = YES;
				CLANG_WARN_CONSTANT_CONVERSION = YES;
				CLANG_WARN_DEPRECATED_OBJC_IMPLEMENTATIONS = YES;
				CLANG_WARN_DIRECT_OBJC_ISA_USAGE = YES_ERROR;
				CLANG_WARN_DOCUMENTATION_COMMENTS = YES;
				CLANG_WARN_EMPTY_BODY = YES;
				CLANG_WARN_ENUM_CONVERSION = YES;
				CLANG_WARN_INFINITE_RECURSION = YES;
				CLANG_WARN_INT_CONVERSION = YES;
				CLANG_WARN_NON_LITERAL_NULL_CONVERSION = YES;
				CLANG_WARN_OBJC_IMPLICIT_RETAIN_SELF = YES;
				CLANG_WARN_OBJC_LITERAL_CONVERSION = YES;
				CLANG_WARN_OBJC_ROOT_CLASS = YES_ERROR;
				CLANG_WARN_QUOTED_INCLUDE_IN_FRAMEWORK_HEADER = YES;
				CLANG_WARN_RANGE_LOOP_ANALYSIS = YES;
				CLANG_WARN_STRICT_PROTOTYPES = YES;
				CLANG_WARN_SUSPICIOUS_MOVE = YES;
				CLANG_WARN_UNGUARDED_AVAILABILITY = YES_AGGRESSIVE;
				CLANG_WARN_UNREACHABLE_CODE = YES;
				CLANG_WARN__DUPLICATE_METHOD_MATCH = YES;
				COPY_PHASE_STRIP = NO;
				DEBUG_INFORMATION_FORMAT = "dwarf-with-dsym";
				ENABLE_NS_ASSERTIONS = NO;
				ENABLE_STRICT_OBJC_MSGSEND = YES;
				GCC_C_LANGUAGE_STANDARD = gnu11;
				GCC_NO_COMMON_BLOCKS = YES;
				GCC_WARN_64_TO_32_BIT_CONVERSION = YES;
				GCC_WARN_ABOUT_RETURN_TYPE = YES_ERROR;
				GCC_WARN_UNDECLARED_SELECTOR = YES;
				GCC_WARN_UNINITIALIZED_AUTOS = YES_AGGRESSIVE;
				GCC_WARN_UNUSED_FUNCTION = YES;
				GCC_WARN_UNUSED_VARIABLE = YES;
				MACOSX_DEPLOYMENT_TARGET = 13.1;
				MTL_ENABLE_DEBUG_INFO = NO;
				MTL_FAST_MATH = YES;
				SDKROOT = macosx;
				SWIFT_COMPILATION_MODE = wholemodule;
				SWIFT_OPTIMIZATION_LEVEL = "-O";
			};
			name = Release;
		};
		08C836E22985AA01003EC24F /* Debug */ = {
			isa = XCBuildConfiguration;
			buildSettings = {
				CODE_SIGN_STYLE = Automatic;
				PRODUCT_NAME = "$(TARGET_NAME)";
				SWIFT_VERSION = 5.0;
			};
			name = Debug;
		};
		08C836E32985AA01003EC24F /* Release */ = {
			isa = XCBuildConfiguration;
			buildSettings = {
				CODE_SIGN_STYLE = Automatic;
				PRODUCT_NAME = "$(TARGET_NAME)";
				SWIFT_VERSION = 5.0;
			};
			name = Release;
		};
/* End XCBuildConfiguration section */

/* Begin XCConfigurationList section */
		08C836D52985AA01003EC24F /* Build configuration list for PBXProject "New Programming Lanugage" */ = {
			isa = XCConfigurationList;
			buildConfigurations = (
				08C836DF2985AA01003EC24F /* Debug */,
				08C836E02985AA01003EC24F /* Release */,
			);
			defaultConfigurationIsVisible = 0;
			defaultConfigurationName = Release;
		};
		08C836E12985AA01003EC24F /* Build configuration list for PBXNativeTarget "New Programming Lanugage" */ = {
			isa = XCConfigurationList;
			buildConfigurations = (
				08C836E22985AA01003EC24F /* Debug */,
				08C836E32985AA01003EC24F /* Release */,
			);
			defaultConfigurationIsVisible = 0;
			defaultConfigurationName = Release;
		};
/* End XCConfigurationList section */
	};
	rootObject = 08C836D22985AA01003EC24F /* Project object */;
}
